
Microsoft Visual Studio Solution File, Format Version 12.00
# Visual Studio Version 17
VisualStudioVersion = 17.9.34728.123
MinimumVisualStudioVersion = 10.0.40219.1
Project("{FAE04EC0-301F-11D3-BF4B-00C04F79EFBC}") = "Project RPG", "Project RPG\Project RPG.csproj", "{FA891B54-8CEC-4FAA-A54E-9782CB47FE42}"
EndProject
Global
	GlobalSection(SolutionConfigurationPlatforms) = preSolution
		Debug|Any CPU = Debug|Any CPU
		Release|Any CPU = Release|Any CPU
	EndGlobalSection
	GlobalSection(ProjectConfigurationPlatforms) = postSolution
		{FA891B54-8CEC-4FAA-A54E-9782CB47FE42}.Debug|Any CPU.ActiveCfg = Debug|Any CPU
		{FA891B54-8CEC-4FAA-A54E-9782CB47FE42}.Debug|Any CPU.Build.0 = Debug|Any CPU
		{FA891B54-8CEC-4FAA-A54E-9782CB47FE42}.Release|Any CPU.ActiveCfg = Release|Any CPU
		{FA891B54-8CEC-4FAA-A54E-9782CB47FE42}.Release|Any CPU.Build.0 = Release|Any CPU
	EndGlobalSection
	GlobalSection(SolutionProperties) = preSolution
		HideSolutionNode = FALSE
	EndGlobalSection
	GlobalSection(ExtensibilityGlobals) = postSolution
		SolutionGuid = {EF159759-83CC-4789-B9B3-C858AD5B2FD0}
	EndGlobalSection
EndGlobal
